// !$*UTF8*$!
{
	archiveVersion = 1;
	classes = {
	};
	objectVersion = 51;
	objects = {

/* Begin PBXBuildFile section */
		688C4ADDC1F87F69B4C51AD2 /* Pods_Parstagram_ParstagramUITests.framework in Frameworks */ = {isa = PBXBuildFile; fileRef = 7758C049999611C0DB1F3AE1 /* Pods_Parstagram_ParstagramUITests.framework */; };
		9F6245095E3800419C130DA3 /* Pods_Parstagram.framework in Frameworks */ = {isa = PBXBuildFile; fileRef = 9AF489C6F9D05E6959907255 /* Pods_Parstagram.framework */; };
		CC17CC1BDCDE5899DDA9A443 /* Pods_ParstagramTests.framework in Frameworks */ = {isa = PBXBuildFile; fileRef = 8E615B30964C3A8463550F2A /* Pods_ParstagramTests.framework */; };
		F9397776254F360000D644D1 /* PostCell.swift in Sources */ = {isa = PBXBuildFile; fileRef = F9397775254F360000D644D1 /* PostCell.swift */; };
		F939777C255283F400D644D1 /* CommentCell.swift in Sources */ = {isa = PBXBuildFile; fileRef = F939777B255283F400D644D1 /* CommentCell.swift */; };
		F945D5AF254D2192001991AF /* LoginViewController.swift in Sources */ = {isa = PBXBuildFile; fileRef = F945D5AE254D2192001991AF /* LoginViewController.swift */; };
		F945D5B1254D21AF001991AF /* FeedViewController.swift in Sources */ = {isa = PBXBuildFile; fileRef = F945D5B0254D21AF001991AF /* FeedViewController.swift */; };
		F945D5B3254DD64E001991AF /* CameraViewController.swift in Sources */ = {isa = PBXBuildFile; fileRef = F945D5B2254DD64E001991AF /* CameraViewController.swift */; };
		F9DA099C2543FDB400B37967 /* AppDelegate.swift in Sources */ = {isa = PBXBuildFile; fileRef = F9DA099B2543FDB400B37967 /* AppDelegate.swift */; };
		F9DA099E2543FDB400B37967 /* SceneDelegate.swift in Sources */ = {isa = PBXBuildFile; fileRef = F9DA099D2543FDB400B37967 /* SceneDelegate.swift */; };
		F9DA09A32543FDB400B37967 /* Main.storyboard in Resources */ = {isa = PBXBuildFile; fileRef = F9DA09A12543FDB400B37967 /* Main.storyboard */; };
		F9DA09A52543FDB500B37967 /* Assets.xcassets in Resources */ = {isa = PBXBuildFile; fileRef = F9DA09A42543FDB500B37967 /* Assets.xcassets */; };
		F9DA09A82543FDB500B37967 /* LaunchScreen.storyboard in Resources */ = {isa = PBXBuildFile; fileRef = F9DA09A62543FDB500B37967 /* LaunchScreen.storyboard */; };
		F9DA09B32543FDB500B37967 /* ParstagramTests.swift in Sources */ = {isa = PBXBuildFile; fileRef = F9DA09B22543FDB500B37967 /* ParstagramTests.swift */; };
		F9DA09BE2543FDB500B37967 /* ParstagramUITests.swift in Sources */ = {isa = PBXBuildFile; fileRef = F9DA09BD2543FDB500B37967 /* ParstagramUITests.swift */; };
/* End PBXBuildFile section */

/* Begin PBXContainerItemProxy section */
		F9DA09AF2543FDB500B37967 /* PBXContainerItemProxy */ = {
			isa = PBXContainerItemProxy;
			containerPortal = F9DA09902543FDB400B37967 /* Project object */;
			proxyType = 1;
			remoteGlobalIDString = F9DA09972543FDB400B37967;
			remoteInfo = Parstagram;
		};
		F9DA09BA2543FDB500B37967 /* PBXContainerItemProxy */ = {
			isa = PBXContainerItemProxy;
			containerPortal = F9DA09902543FDB400B37967 /* Project object */;
			proxyType = 1;
			remoteGlobalIDString = F9DA09972543FDB400B37967;
			remoteInfo = Parstagram;
		};
/* End PBXContainerItemProxy section */

/* Begin PBXFileReference section */
		2D17281DB8B1561B6980BF86 /* Pods-Parstagram.release.xcconfig */ = {isa = PBXFileReference; includeInIndex = 1; lastKnownFileType = text.xcconfig; name = "Pods-Parstagram.release.xcconfig"; path = "Target Support Files/Pods-Parstagram/Pods-Parstagram.release.xcconfig"; sourceTree = "<group>"; };
		536387506E4DA4C73708ABE3 /* Pods-Parstagram.debug.xcconfig */ = {isa = PBXFileReference; includeInIndex = 1; lastKnownFileType = text.xcconfig; name = "Pods-Parstagram.debug.xcconfig"; path = "Target Support Files/Pods-Parstagram/Pods-Parstagram.debug.xcconfig"; sourceTree = "<group>"; };
		596DB3B2786541828F5715E6 /* Pods-Parstagram-ParstagramUITests.release.xcconfig */ = {isa = PBXFileReference; includeInIndex = 1; lastKnownFileType = text.xcconfig; name = "Pods-Parstagram-ParstagramUITests.release.xcconfig"; path = "Target Support Files/Pods-Parstagram-ParstagramUITests/Pods-Parstagram-ParstagramUITests.release.xcconfig"; sourceTree = "<group>"; };
		7758C049999611C0DB1F3AE1 /* Pods_Parstagram_ParstagramUITests.framework */ = {isa = PBXFileReference; explicitFileType = wrapper.framework; includeInIndex = 0; path = Pods_Parstagram_ParstagramUITests.framework; sourceTree = BUILT_PRODUCTS_DIR; };
		8E615B30964C3A8463550F2A /* Pods_ParstagramTests.framework */ = {isa = PBXFileReference; explicitFileType = wrapper.framework; includeInIndex = 0; path = Pods_ParstagramTests.framework; sourceTree = BUILT_PRODUCTS_DIR; };
		945B61735DAEBA2CF1F6EE21 /* Pods-ParstagramTests.release.xcconfig */ = {isa = PBXFileReference; includeInIndex = 1; lastKnownFileType = text.xcconfig; name = "Pods-ParstagramTests.release.xcconfig"; path = "Target Support Files/Pods-ParstagramTests/Pods-ParstagramTests.release.xcconfig"; sourceTree = "<group>"; };
		9AF489C6F9D05E6959907255 /* Pods_Parstagram.framework */ = {isa = PBXFileReference; explicitFileType = wrapper.framework; includeInIndex = 0; path = Pods_Parstagram.framework; sourceTree = BUILT_PRODUCTS_DIR; };
		9FEDFC1EBA2D66582001137F /* Pods-ParstagramTests.debug.xcconfig */ = {isa = PBXFileReference; includeInIndex = 1; lastKnownFileType = text.xcconfig; name = "Pods-ParstagramTests.debug.xcconfig"; path = "Target Support Files/Pods-ParstagramTests/Pods-ParstagramTests.debug.xcconfig"; sourceTree = "<group>"; };
		EC933458D0152E7D14CEC6FE /* Pods-Parstagram-ParstagramUITests.debug.xcconfig */ = {isa = PBXFileReference; includeInIndex = 1; lastKnownFileType = text.xcconfig; name = "Pods-Parstagram-ParstagramUITests.debug.xcconfig"; path = "Target Support Files/Pods-Parstagram-ParstagramUITests/Pods-Parstagram-ParstagramUITests.debug.xcconfig"; sourceTree = "<group>"; };
		F9397775254F360000D644D1 /* PostCell.swift */ = {isa = PBXFileReference; lastKnownFileType = sourcecode.swift; path = PostCell.swift; sourceTree = "<group>"; };
		F939777B255283F400D644D1 /* CommentCell.swift */ = {isa = PBXFileReference; lastKnownFileType = sourcecode.swift; path = CommentCell.swift; sourceTree = "<group>"; };
		F945D5AE254D2192001991AF /* LoginViewController.swift */ = {isa = PBXFileReference; lastKnownFileType = sourcecode.swift; path = LoginViewController.swift; sourceTree = "<group>"; };
		F945D5B0254D21AF001991AF /* FeedViewController.swift */ = {isa = PBXFileReference; lastKnownFileType = sourcecode.swift; path = FeedViewController.swift; sourceTree = "<group>"; };
		F945D5B2254DD64E001991AF /* CameraViewController.swift */ = {isa = PBXFileReference; lastKnownFileType = sourcecode.swift; path = CameraViewController.swift; sourceTree = "<group>"; };
		F9DA09982543FDB400B37967 /* Parstagram.app */ = {isa = PBXFileReference; explicitFileType = wrapper.application; includeInIndex = 0; path = Parstagram.app; sourceTree = BUILT_PRODUCTS_DIR; };
		F9DA099B2543FDB400B37967 /* AppDelegate.swift */ = {isa = PBXFileReference; lastKnownFileType = sourcecode.swift; path = AppDelegate.swift; sourceTree = "<group>"; };
		F9DA099D2543FDB400B37967 /* SceneDelegate.swift */ = {isa = PBXFileReference; lastKnownFileType = sourcecode.swift; path = SceneDelegate.swift; sourceTree = "<group>"; };
		F9DA09A22543FDB400B37967 /* Base */ = {isa = PBXFileReference; lastKnownFileType = file.storyboard; name = Base; path = Base.lproj/Main.storyboard; sourceTree = "<group>"; };
		F9DA09A42543FDB500B37967 /* Assets.xcassets */ = {isa = PBXFileReference; lastKnownFileType = folder.assetcatalog; path = Assets.xcassets; sourceTree = "<group>"; };
		F9DA09A72543FDB500B37967 /* Base */ = {isa = PBXFileReference; lastKnownFileType = file.storyboard; name = Base; path = Base.lproj/LaunchScreen.storyboard; sourceTree = "<group>"; };
		F9DA09A92543FDB500B37967 /* Info.plist */ = {isa = PBXFileReference; lastKnownFileType = text.plist.xml; path = Info.plist; sourceTree = "<group>"; };
		F9DA09AE2543FDB500B37967 /* ParstagramTests.xctest */ = {isa = PBXFileReference; explicitFileType = wrapper.cfbundle; includeInIndex = 0; path = ParstagramTests.xctest; sourceTree = BUILT_PRODUCTS_DIR; };
		F9DA09B22543FDB500B37967 /* ParstagramTests.swift */ = {isa = PBXFileReference; lastKnownFileType = sourcecode.swift; path = ParstagramTests.swift; sourceTree = "<group>"; };
		F9DA09B42543FDB500B37967 /* Info.plist */ = {isa = PBXFileReference; lastKnownFileType = text.plist.xml; path = Info.plist; sourceTree = "<group>"; };
		F9DA09B92543FDB500B37967 /* ParstagramUITests.xctest */ = {isa = PBXFileReference; explicitFileType = wrapper.cfbundle; includeInIndex = 0; path = ParstagramUITests.xctest; sourceTree = BUILT_PRODUCTS_DIR; };
		F9DA09BD2543FDB500B37967 /* ParstagramUITests.swift */ = {isa = PBXFileReference; lastKnownFileType = sourcecode.swift; path = ParstagramUITests.swift; sourceTree = "<group>"; };
		F9DA09BF2543FDB500B37967 /* Info.plist */ = {isa = PBXFileReference; lastKnownFileType = text.plist.xml; path = Info.plist; sourceTree = "<group>"; };
/* End PBXFileReference section */

/* Begin PBXFrameworksBuildPhase section */
		F9DA09952543FDB400B37967 /* Frameworks */ = {
			isa = PBXFrameworksBuildPhase;
			buildActionMask = 2147483647;
			files = (
				9F6245095E3800419C130DA3 /* Pods_Parstagram.framework in Frameworks */,
			);
			runOnlyForDeploymentPostprocessing = 0;
		};
		F9DA09AB2543FDB500B37967 /* Frameworks */ = {
			isa = PBXFrameworksBuildPhase;
			buildActionMask = 2147483647;
			files = (
				CC17CC1BDCDE5899DDA9A443 /* Pods_ParstagramTests.framework in Frameworks */,
			);
			runOnlyForDeploymentPostprocessing = 0;
		};
		F9DA09B62543FDB500B37967 /* Frameworks */ = {
			isa = PBXFrameworksBuildPhase;
			buildActionMask = 2147483647;
			files = (
				688C4ADDC1F87F69B4C51AD2 /* Pods_Parstagram_ParstagramUITests.framework in Frameworks */,
			);
			runOnlyForDeploymentPostprocessing = 0;
		};
/* End PBXFrameworksBuildPhase section */

/* Begin PBXGroup section */
		83329726CC4B96CED0D6AD1B /* Frameworks */ = {
			isa = PBXGroup;
			children = (
				9AF489C6F9D05E6959907255 /* Pods_Parstagram.framework */,
				7758C049999611C0DB1F3AE1 /* Pods_Parstagram_ParstagramUITests.framework */,
				8E615B30964C3A8463550F2A /* Pods_ParstagramTests.framework */,
			);
			name = Frameworks;
			sourceTree = "<group>";
		};
		8C5A01F608B19EABCD5F3047 /* Pods */ = {
			isa = PBXGroup;
			children = (
				536387506E4DA4C73708ABE3 /* Pods-Parstagram.debug.xcconfig */,
				2D17281DB8B1561B6980BF86 /* Pods-Parstagram.release.xcconfig */,
				EC933458D0152E7D14CEC6FE /* Pods-Parstagram-ParstagramUITests.debug.xcconfig */,
				596DB3B2786541828F5715E6 /* Pods-Parstagram-ParstagramUITests.release.xcconfig */,
				9FEDFC1EBA2D66582001137F /* Pods-ParstagramTests.debug.xcconfig */,
				945B61735DAEBA2CF1F6EE21 /* Pods-ParstagramTests.release.xcconfig */,
			);
			path = Pods;
			sourceTree = "<group>";
		};
		F9DA098F2543FDB400B37967 = {
			isa = PBXGroup;
			children = (
				F9DA099A2543FDB400B37967 /* Parstagram */,
				F9DA09B12543FDB500B37967 /* ParstagramTests */,
				F9DA09BC2543FDB500B37967 /* ParstagramUITests */,
				F9DA09992543FDB400B37967 /* Products */,
				8C5A01F608B19EABCD5F3047 /* Pods */,
				83329726CC4B96CED0D6AD1B /* Frameworks */,
			);
			sourceTree = "<group>";
		};
		F9DA09992543FDB400B37967 /* Products */ = {
			isa = PBXGroup;
			children = (
				F9DA09982543FDB400B37967 /* Parstagram.app */,
				F9DA09AE2543FDB500B37967 /* ParstagramTests.xctest */,
				F9DA09B92543FDB500B37967 /* ParstagramUITests.xctest */,
			);
			name = Products;
			sourceTree = "<group>";
		};
		F9DA099A2543FDB400B37967 /* Parstagram */ = {
			isa = PBXGroup;
			children = (
				F9DA099B2543FDB400B37967 /* AppDelegate.swift */,
				F9DA099D2543FDB400B37967 /* SceneDelegate.swift */,
				F9DA09A12543FDB400B37967 /* Main.storyboard */,
				F9DA09A42543FDB500B37967 /* Assets.xcassets */,
				F9DA09A62543FDB500B37967 /* LaunchScreen.storyboard */,
				F9DA09A92543FDB500B37967 /* Info.plist */,
				F945D5AE254D2192001991AF /* LoginViewController.swift */,
				F945D5B0254D21AF001991AF /* FeedViewController.swift */,
				F945D5B2254DD64E001991AF /* CameraViewController.swift */,
				F9397775254F360000D644D1 /* PostCell.swift */,
				F939777B255283F400D644D1 /* CommentCell.swift */,
			);
			path = Parstagram;
			sourceTree = "<group>";
		};
		F9DA09B12543FDB500B37967 /* ParstagramTests */ = {
			isa = PBXGroup;
			children = (
				F9DA09B22543FDB500B37967 /* ParstagramTests.swift */,
				F9DA09B42543FDB500B37967 /* Info.plist */,
			);
			path = ParstagramTests;
			sourceTree = "<group>";
		};
		F9DA09BC2543FDB500B37967 /* ParstagramUITests */ = {
			isa = PBXGroup;
			children = (
				F9DA09BD2543FDB500B37967 /* ParstagramUITests.swift */,
				F9DA09BF2543FDB500B37967 /* Info.plist */,
			);
			path = ParstagramUITests;
			sourceTree = "<group>";
		};
/* End PBXGroup section */

/* Begin PBXNativeTarget section */
		F9DA09972543FDB400B37967 /* Parstagram */ = {
			isa = PBXNativeTarget;
			buildConfigurationList = F9DA09C22543FDB500B37967 /* Build configuration list for PBXNativeTarget "Parstagram" */;
			buildPhases = (
				3AA31D8460DDA75A1A78CD80 /* [CP] Check Pods Manifest.lock */,
				F9DA09942543FDB400B37967 /* Sources */,
				F9DA09952543FDB400B37967 /* Frameworks */,
				F9DA09962543FDB400B37967 /* Resources */,
				5ABAAEAC92F6905CE9DAAE35 /* [CP] Embed Pods Frameworks */,
			);
			buildRules = (
			);
			dependencies = (
			);
			name = Parstagram;
			productName = Parstagram;
			productReference = F9DA09982543FDB400B37967 /* Parstagram.app */;
			productType = "com.apple.product-type.application";
		};
		F9DA09AD2543FDB500B37967 /* ParstagramTests */ = {
			isa = PBXNativeTarget;
			buildConfigurationList = F9DA09C52543FDB500B37967 /* Build configuration list for PBXNativeTarget "ParstagramTests" */;
			buildPhases = (
				30CAB49FB0851C5E1BEBB3D1 /* [CP] Check Pods Manifest.lock */,
				F9DA09AA2543FDB500B37967 /* Sources */,
				F9DA09AB2543FDB500B37967 /* Frameworks */,
				F9DA09AC2543FDB500B37967 /* Resources */,
			);
			buildRules = (
			);
			dependencies = (
				F9DA09B02543FDB500B37967 /* PBXTargetDependency */,
			);
			name = ParstagramTests;
			productName = ParstagramTests;
			productReference = F9DA09AE2543FDB500B37967 /* ParstagramTests.xctest */;
			productType = "com.apple.product-type.bundle.unit-test";
		};
		F9DA09B82543FDB500B37967 /* ParstagramUITests */ = {
			isa = PBXNativeTarget;
			buildConfigurationList = F9DA09C82543FDB500B37967 /* Build configuration list for PBXNativeTarget "ParstagramUITests" */;
			buildPhases = (
				A09E04B9FDE8715B819F2531 /* [CP] Check Pods Manifest.lock */,
				F9DA09B52543FDB500B37967 /* Sources */,
				F9DA09B62543FDB500B37967 /* Frameworks */,
				F9DA09B72543FDB500B37967 /* Resources */,
				CDEBD16DCC281D63AA759059 /* [CP] Embed Pods Frameworks */,
			);
			buildRules = (
			);
			dependencies = (
				F9DA09BB2543FDB500B37967 /* PBXTargetDependency */,
			);
			name = ParstagramUITests;
			productName = ParstagramUITests;
			productReference = F9DA09B92543FDB500B37967 /* ParstagramUITests.xctest */;
			productType = "com.apple.product-type.bundle.ui-testing";
		};
/* End PBXNativeTarget section */

/* Begin PBXProject section */
		F9DA09902543FDB400B37967 /* Project object */ = {
			isa = PBXProject;
			attributes = {
				LastSwiftUpdateCheck = 1170;
				LastUpgradeCheck = 1170;
				ORGANIZATIONNAME = "Abdullah Ali";
				TargetAttributes = {
					F9DA09972543FDB400B37967 = {
						CreatedOnToolsVersion = 11.7;
					};
					F9DA09AD2543FDB500B37967 = {
						CreatedOnToolsVersion = 11.7;
						TestTargetID = F9DA09972543FDB400B37967;
					};
					F9DA09B82543FDB500B37967 = {
						CreatedOnToolsVersion = 11.7;
						TestTargetID = F9DA09972543FDB400B37967;
					};
				};
			};
			buildConfigurationList = F9DA09932543FDB400B37967 /* Build configuration list for PBXProject "Parstagram" */;
			compatibilityVersion = "Xcode 9.3";
			developmentRegion = en;
			hasScannedForEncodings = 0;
			knownRegions = (
				en,
				Base,
			);
			mainGroup = F9DA098F2543FDB400B37967;
			productRefGroup = F9DA09992543FDB400B37967 /* Products */;
			projectDirPath = "";
			projectRoot = "";
			targets = (
				F9DA09972543FDB400B37967 /* Parstagram */,
				F9DA09AD2543FDB500B37967 /* ParstagramTests */,
				F9DA09B82543FDB500B37967 /* ParstagramUITests */,
			);
		};
/* End PBXProject section */

/* Begin PBXResourcesBuildPhase section */
		F9DA09962543FDB400B37967 /* Resources */ = {
			isa = PBXResourcesBuildPhase;
			buildActionMask = 2147483647;
			files = (
				F9DA09A82543FDB500B37967 /* LaunchScreen.storyboard in Resources */,
				F9DA09A52543FDB500B37967 /* Assets.xcassets in Resources */,
				F9DA09A32543FDB400B37967 /* Main.storyboard in Resources */,
			);
			runOnlyForDeploymentPostprocessing = 0;
		};
		F9DA09AC2543FDB500B37967 /* Resources */ = {
			isa = PBXResourcesBuildPhase;
			buildActionMask = 2147483647;
			files = (
			);
			runOnlyForDeploymentPostprocessing = 0;
		};
		F9DA09B72543FDB500B37967 /* Resources */ = {
			isa = PBXResourcesBuildPhase;
			buildActionMask = 2147483647;
			files = (
			);
			runOnlyForDeploymentPostprocessing = 0;
		};
/* End PBXResourcesBuildPhase section */

/* Begin PBXShellScriptBuildPhase section */
		30CAB49FB0851C5E1BEBB3D1 /* [CP] Check Pods Manifest.lock */ = {
			isa = PBXShellScriptBuildPhase;
			buildActionMask = 2147483647;
			files = (
			);
			inputFileListPaths = (
			);
			inputPaths = (
				"${PODS_PODFILE_DIR_PATH}/Podfile.lock",
				"${PODS_ROOT}/Manifest.lock",
			);
			name = "[CP] Check Pods Manifest.lock";
			outputFileListPaths = (
			);
			outputPaths = (
				"$(DERIVED_FILE_DIR)/Pods-ParstagramTests-checkManifestLockResult.txt",
			);
			runOnlyForDeploymentPostprocessing = 0;
			shellPath = /bin/sh;
			shellScript = "diff \"${PODS_PODFILE_DIR_PATH}/Podfile.lock\" \"${PODS_ROOT}/Manifest.lock\" > /dev/null\nif [ $? != 0 ] ; then\n    # print error to STDERR\n    echo \"error: The sandbox is not in sync with the Podfile.lock. Run 'pod install' or update your CocoaPods installation.\" >&2\n    exit 1\nfi\n# This output is used by Xcode 'outputs' to avoid re-running this script phase.\necho \"SUCCESS\" > \"${SCRIPT_OUTPUT_FILE_0}\"\n";
			showEnvVarsInLog = 0;
		};
		3AA31D8460DDA75A1A78CD80 /* [CP] Check Pods Manifest.lock */ = {
			isa = PBXShellScriptBuildPhase;
			buildActionMask = 2147483647;
			files = (
			);
			inputFileListPaths = (
			);
			inputPaths = (
				"${PODS_PODFILE_DIR_PATH}/Podfile.lock",
				"${PODS_ROOT}/Manifest.lock",
			);
			name = "[CP] Check Pods Manifest.lock";
			outputFileListPaths = (
			);
			outputPaths = (
				"$(DERIVED_FILE_DIR)/Pods-Parstagram-checkManifestLockResult.txt",
			);
			runOnlyForDeploymentPostprocessing = 0;
			shellPath = /bin/sh;
			shellScript = "diff \"${PODS_PODFILE_DIR_PATH}/Podfile.lock\" \"${PODS_ROOT}/Manifest.lock\" > /dev/null\nif [ $? != 0 ] ; then\n    # print error to STDERR\n    echo \"error: The sandbox is not in sync with the Podfile.lock. Run 'pod install' or update your CocoaPods installation.\" >&2\n    exit 1\nfi\n# This output is used by Xcode 'outputs' to avoid re-running this script phase.\necho \"SUCCESS\" > \"${SCRIPT_OUTPUT_FILE_0}\"\n";
			showEnvVarsInLog = 0;
		};
		5ABAAEAC92F6905CE9DAAE35 /* [CP] Embed Pods Frameworks */ = {
			isa = PBXShellScriptBuildPhase;
			buildActionMask = 2147483647;
			files = (
			);
			inputFileListPaths = (
				"${PODS_ROOT}/Target Support Files/Pods-Parstagram/Pods-Parstagram-frameworks-${CONFIGURATION}-input-files.xcfilelist",
			);
			name = "[CP] Embed Pods Frameworks";
			outputFileListPaths = (
				"${PODS_ROOT}/Target Support Files/Pods-Parstagram/Pods-Parstagram-frameworks-${CONFIGURATION}-output-files.xcfilelist",
			);
			runOnlyForDeploymentPostprocessing = 0;
			shellPath = /bin/sh;
			shellScript = "\"${PODS_ROOT}/Target Support Files/Pods-Parstagram/Pods-Parstagram-frameworks.sh\"\n";
			showEnvVarsInLog = 0;
		};
		A09E04B9FDE8715B819F2531 /* [CP] Check Pods Manifest.lock */ = {
			isa = PBXShellScriptBuildPhase;
			buildActionMask = 2147483647;
			files = (
			);
			inputFileListPaths = (
			);
			inputPaths = (
				"${PODS_PODFILE_DIR_PATH}/Podfile.lock",
				"${PODS_ROOT}/Manifest.lock",
			);
			name = "[CP] Check Pods Manifest.lock";
			outputFileListPaths = (
			);
			outputPaths = (
				"$(DERIVED_FILE_DIR)/Pods-Parstagram-ParstagramUITests-checkManifestLockResult.txt",
			);
			runOnlyForDeploymentPostprocessing = 0;
			shellPath = /bin/sh;
			shellScript = "diff \"${PODS_PODFILE_DIR_PATH}/Podfile.lock\" \"${PODS_ROOT}/Manifest.lock\" > /dev/null\nif [ $? != 0 ] ; then\n    # print error to STDERR\n    echo \"error: The sandbox is not in sync with the Podfile.lock. Run 'pod install' or update your CocoaPods installation.\" >&2\n    exit 1\nfi\n# This output is used by Xcode 'outputs' to avoid re-running this script phase.\necho \"SUCCESS\" > \"${SCRIPT_OUTPUT_FILE_0}\"\n";
			showEnvVarsInLog = 0;
		};
		CDEBD16DCC281D63AA759059 /* [CP] Embed Pods Frameworks */ = {
			isa = PBXShellScriptBuildPhase;
			buildActionMask = 2147483647;
			files = (
			);
			inputFileListPaths = (
				"${PODS_ROOT}/Target Support Files/Pods-Parstagram-ParstagramUITests/Pods-Parstagram-ParstagramUITests-frameworks-${CONFIGURATION}-input-files.xcfilelist",
			);
			name = "[CP] Embed Pods Frameworks";
			outputFileListPaths = (
				"${PODS_ROOT}/Target Support Files/Pods-Parstagram-ParstagramUITests/Pods-Parstagram-ParstagramUITests-frameworks-${CONFIGURATION}-output-files.xcfilelist",
			);
			runOnlyForDeploymentPostprocessing = 0;
			shellPath = /bin/sh;
			shellScript = "\"${PODS_ROOT}/Target Support Files/Pods-Parstagram-ParstagramUITests/Pods-Parstagram-ParstagramUITests-frameworks.sh\"\n";
			showEnvVarsInLog = 0;
		};
/* End PBXShellScriptBuildPhase section */

/* Begin PBXSourcesBuildPhase section */
		F9DA09942543FDB400B37967 /* Sources */ = {
			isa = PBXSourcesBuildPhase;
			buildActionMask = 2147483647;
			files = (
				F945D5AF254D2192001991AF /* LoginViewController.swift in Sources */,
				F945D5B3254DD64E001991AF /* CameraViewController.swift in Sources */,
				F9DA099C2543FDB400B37967 /* AppDelegate.swift in Sources */,
				F945D5B1254D21AF001991AF /* FeedViewController.swift in Sources */,
				F9DA099E2543FDB400B37967 /* SceneDelegate.swift in Sources */,
				F9397776254F360000D644D1 /* PostCell.swift in Sources */,
				F939777C255283F400D644D1 /* CommentCell.swift in Sources */,
			);
			runOnlyForDeploymentPostprocessing = 0;
		};
		F9DA09AA2543FDB500B37967 /* Sources */ = {
			isa = PBXSourcesBuildPhase;
			buildActionMask = 2147483647;
			files = (
				F9DA09B32543FDB500B37967 /* ParstagramTests.swift in Sources */,
			);
			runOnlyForDeploymentPostprocessing = 0;
		};
		F9DA09B52543FDB500B37967 /* Sources */ = {
			isa = PBXSourcesBuildPhase;
			buildActionMask = 2147483647;
			files = (
				F9DA09BE2543FDB500B37967 /* ParstagramUITests.swift in Sources */,
			);
			runOnlyForDeploymentPostprocessing = 0;
		};
/* End PBXSourcesBuildPhase section */

/* Begin PBXTargetDependency section */
		F9DA09B02543FDB500B37967 /* PBXTargetDependency */ = {
			isa = PBXTargetDependency;
			target = F9DA09972543FDB400B37967 /* Parstagram */;
			targetProxy = F9DA09AF2543FDB500B37967 /* PBXContainerItemProxy */;
		};
		F9DA09BB2543FDB500B37967 /* PBXTargetDependency */ = {
			isa = PBXTargetDependency;
			target = F9DA09972543FDB400B37967 /* Parstagram */;
			targetProxy = F9DA09BA2543FDB500B37967 /* PBXContainerItemProxy */;
		};
/* End PBXTargetDependency section */

/* Begin PBXVariantGroup section */
		F9DA09A12543FDB400B37967 /* Main.storyboard */ = {
			isa = PBXVariantGroup;
			children = (
				F9DA09A22543FDB400B37967 /* Base */,
			);
			name = Main.storyboard;
			sourceTree = "<group>";
		};
		F9DA09A62543FDB500B37967 /* LaunchScreen.storyboard */ = {
			isa = PBXVariantGroup;
			children = (
				F9DA09A72543FDB500B37967 /* Base */,
			);
			name = LaunchScreen.storyboard;
			sourceTree = "<group>";
		};
/* End PBXVariantGroup section */

/* Begin XCBuildConfiguration section */
		F9DA09C02543FDB500B37967 /* Debug */ = {
			isa = XCBuildConfiguration;
			buildSettings = {
				ALWAYS_SEARCH_USER_PATHS = NO;
				CLANG_ANALYZER_NONNULL = YES;
				CLANG_ANALYZER_NUMBER_OBJECT_CONVERSION = YES_AGGRESSIVE;
				CLANG_CXX_LANGUAGE_STANDARD = "gnu++14";
				CLANG_CXX_LIBRARY = "libc++";
				CLANG_ENABLE_MODULES = YES;
				CLANG_ENABLE_OBJC_ARC = YES;
				CLANG_ENABLE_OBJC_WEAK = YES;
				CLANG_WARN_BLOCK_CAPTURE_AUTORELEASING = YES;
				CLANG_WARN_BOOL_CONVERSION = YES;
				CLANG_WARN_COMMA = YES;
				CLANG_WARN_CONSTANT_CONVERSION = YES;
				CLANG_WARN_DEPRECATED_OBJC_IMPLEMENTATIONS = YES;
				CLANG_WARN_DIRECT_OBJC_ISA_USAGE = YES_ERROR;
				CLANG_WARN_DOCUMENTATION_COMMENTS = YES;
				CLANG_WARN_EMPTY_BODY = YES;
				CLANG_WARN_ENUM_CONVERSION = YES;
				CLANG_WARN_INFINITE_RECURSION = YES;
				CLANG_WARN_INT_CONVERSION = YES;
				CLANG_WARN_NON_LITERAL_NULL_CONVERSION = YES;
				CLANG_WARN_OBJC_IMPLICIT_RETAIN_SELF = YES;
				CLANG_WARN_OBJC_LITERAL_CONVERSION = YES;
				CLANG_WARN_OBJC_ROOT_CLASS = YES_ERROR;
				CLANG_WARN_RANGE_LOOP_ANALYSIS = YES;
				CLANG_WARN_STRICT_PROTOTYPES = YES;
				CLANG_WARN_SUSPICIOUS_MOVE = YES;
				CLANG_WARN_UNGUARDED_AVAILABILITY = YES_AGGRESSIVE;
				CLANG_WARN_UNREACHABLE_CODE = YES;
				CLANG_WARN__DUPLICATE_METHOD_MATCH = YES;
				COPY_PHASE_STRIP = NO;
				DEBUG_INFORMATION_FORMAT = dwarf;
				ENABLE_STRICT_OBJC_MSGSEND = YES;
				ENABLE_TESTABILITY = YES;
				GCC_C_LANGUAGE_STANDARD = gnu11;
				GCC_DYNAMIC_NO_PIC = NO;
				GCC_NO_COMMON_BLOCKS = YES;
				GCC_OPTIMIZATION_LEVEL = 0;
				GCC_PREPROCESSOR_DEFINITIONS = (
					"DEBUG=1",
					"$(inherited)",
				);
				GCC_WARN_64_TO_32_BIT_CONVERSION = YES;
				GCC_WARN_ABOUT_RETURN_TYPE = YES_ERROR;
				GCC_WARN_UNDECLARED_SELECTOR = YES;
				GCC_WARN_UNINITIALIZED_AUTOS = YES_AGGRESSIVE;
				GCC_WARN_UNUSED_FUNCTION = YES;
				GCC_WARN_UNUSED_VARIABLE = YES;
				IPHONEOS_DEPLOYMENT_TARGET = 13.7;
				MTL_ENABLE_DEBUG_INFO = INCLUDE_SOURCE;
				MTL_FAST_MATH = YES;
				ONLY_ACTIVE_ARCH = YES;
				SDKROOT = iphoneos;
				SWIFT_ACTIVE_COMPILATION_CONDITIONS = DEBUG;
				SWIFT_OPTIMIZATION_LEVEL = "-Onone";
			};
			name = Debug;
		};
		F9DA09C12543FDB500B37967 /* Release */ = {
			isa = XCBuildConfiguration;
			buildSettings = {
				ALWAYS_SEARCH_USER_PATHS = NO;
				CLANG_ANALYZER_NONNULL = YES;
				CLANG_ANALYZER_NUMBER_OBJECT_CONVERSION = YES_AGGRESSIVE;
				CLANG_CXX_LANGUAGE_STANDARD = "gnu++14";
				CLANG_CXX_LIBRARY = "libc++";
				CLANG_ENABLE_MODULES = YES;
				CLANG_ENABLE_OBJC_ARC = YES;
				CLANG_ENABLE_OBJC_WEAK = YES;
				CLANG_WARN_BLOCK_CAPTURE_AUTORELEASING = YES;
				CLANG_WARN_BOOL_CONVERSION = YES;
				CLANG_WARN_COMMA = YES;
				CLANG_WARN_CONSTANT_CONVERSION = YES;
				CLANG_WARN_DEPRECATED_OBJC_IMPLEMENTATIONS = YES;
				CLANG_WARN_DIRECT_OBJC_ISA_USAGE = YES_ERROR;
				CLANG_WARN_DOCUMENTATION_COMMENTS = YES;
				CLANG_WARN_EMPTY_BODY = YES;
				CLANG_WARN_ENUM_CONVERSION = YES;
				CLANG_WARN_INFINITE_RECURSION = YES;
				CLANG_WARN_INT_CONVERSION = YES;
				CLANG_WARN_NON_LITERAL_NULL_CONVERSION = YES;
				CLANG_WARN_OBJC_IMPLICIT_RETAIN_SELF = YES;
				CLANG_WARN_OBJC_LITERAL_CONVERSION = YES;
				CLANG_WARN_OBJC_ROOT_CLASS = YES_ERROR;
				CLANG_WARN_RANGE_LOOP_ANALYSIS = YES;
				CLANG_WARN_STRICT_PROTOTYPES = YES;
				CLANG_WARN_SUSPICIOUS_MOVE = YES;
				CLANG_WARN_UNGUARDED_AVAILABILITY = YES_AGGRESSIVE;
				CLANG_WARN_UNREACHABLE_CODE = YES;
				CLANG_WARN__DUPLICATE_METHOD_MATCH = YES;
				COPY_PHASE_STRIP = NO;
				DEBUG_INFORMATION_FORMAT = "dwarf-with-dsym";
				ENABLE_NS_ASSERTIONS = NO;
				ENABLE_STRICT_OBJC_MSGSEND = YES;
				GCC_C_LANGUAGE_STANDARD = gnu11;
				GCC_NO_COMMON_BLOCKS = YES;
				GCC_WARN_64_TO_32_BIT_CONVERSION = YES;
				GCC_WARN_ABOUT_RETURN_TYPE = YES_ERROR;
				GCC_WARN_UNDECLARED_SELECTOR = YES;
				GCC_WARN_UNINITIALIZED_AUTOS = YES_AGGRESSIVE;
				GCC_WARN_UNUSED_FUNCTION = YES;
				GCC_WARN_UNUSED_VARIABLE = YES;
				IPHONEOS_DEPLOYMENT_TARGET = 13.7;
				MTL_ENABLE_DEBUG_INFO = NO;
				MTL_FAST_MATH = YES;
				SDKROOT = iphoneos;
				SWIFT_COMPILATION_MODE = wholemodule;
				SWIFT_OPTIMIZATION_LEVEL = "-O";
				VALIDATE_PRODUCT = YES;
			};
			name = Release;
		};
		F9DA09C32543FDB500B37967 /* Debug */ = {
			isa = XCBuildConfiguration;
			baseConfigurationReference = 536387506E4DA4C73708ABE3 /* Pods-Parstagram.debug.xcconfig */;
			buildSettings = {
				ASSETCATALOG_COMPILER_APPICON_NAME = AppIcon;
				CODE_SIGN_STYLE = Automatic;
				DEVELOPMENT_TEAM = W64GKJ3S3T;
				INFOPLIST_FILE = Parstagram/Info.plist;
				LD_RUNPATH_SEARCH_PATHS = (
					"$(inherited)",
					"@executable_path/Frameworks",
				);
				PRODUCT_BUNDLE_IDENTIFIER = Parstagram101;
				PRODUCT_NAME = "$(TARGET_NAME)";
				SWIFT_VERSION = 5.0;
				TARGETED_DEVICE_FAMILY = "1,2";
			};
			name = Debug;
		};
		F9DA09C42543FDB500B37967 /* Release */ = {
			isa = XCBuildConfiguration;
			baseConfigurationReference = 2D17281DB8B1561B6980BF86 /* Pods-Parstagram.release.xcconfig */;
			buildSettings = {
				ASSETCATALOG_COMPILER_APPICON_NAME = AppIcon;
				CODE_SIGN_STYLE = Automatic;
				DEVELOPMENT_TEAM = W64GKJ3S3T;
				INFOPLIST_FILE = Parstagram/Info.plist;
				LD_RUNPATH_SEARCH_PATHS = (
					"$(inherited)",
					"@executable_path/Frameworks",
				);
				PRODUCT_BUNDLE_IDENTIFIER = Parstagram101;
				PRODUCT_NAME = "$(TARGET_NAME)";
				SWIFT_VERSION = 5.0;
				TARGETED_DEVICE_FAMILY = "1,2";
			};
			name = Release;
		};
		F9DA09C62543FDB500B37967 /* Debug */ = {
			isa = XCBuildConfiguration;
			baseConfigurationReference = 9FEDFC1EBA2D66582001137F /* Pods-ParstagramTests.debug.xcconfig */;
			buildSettings = {
				ALWAYS_EMBED_SWIFT_STANDARD_LIBRARIES = YES;
				BUNDLE_LOADER = "$(TEST_HOST)";
				CODE_SIGN_STYLE = Automatic;
				DEVELOPMENT_TEAM = W64GKJ3S3T;
				INFOPLIST_FILE = ParstagramTests/Info.plist;
				IPHONEOS_DEPLOYMENT_TARGET = 13.7;
				LD_RUNPATH_SEARCH_PATHS = (
					"$(inherited)",
					"@executable_path/Frameworks",
					"@loader_path/Frameworks",
				);
				PRODUCT_BUNDLE_IDENTIFIER = codepath.ParstagramTests;
				PRODUCT_NAME = "$(TARGET_NAME)";
				SWIFT_VERSION = 5.0;
				TARGETED_DEVICE_FAMILY = "1,2";
				TEST_HOST = "$(BUILT_PRODUCTS_DIR)/Parstagram.app/Parstagram";
			};
			name = Debug;
		};
		F9DA09C72543FDB500B37967 /* Release */ = {
			isa = XCBuildConfiguration;
			baseConfigurationReference = 945B61735DAEBA2CF1F6EE21 /* Pods-ParstagramTests.release.xcconfig */;
			buildSettings = {
				ALWAYS_EMBED_SWIFT_STANDARD_LIBRARIES = YES;
				BUNDLE_LOADER = "$(TEST_HOST)";
				CODE_SIGN_STYLE = Automatic;
				DEVELOPMENT_TEAM = W64GKJ3S3T;
				INFOPLIST_FILE = ParstagramTests/Info.plist;
				IPHONEOS_DEPLOYMENT_TARGET = 13.7;
				LD_RUNPATH_SEARCH_PATHS = (
					"$(inherited)",
					"@executable_path/Frameworks",
					"@loader_path/Frameworks",
				);
				PRODUCT_BUNDLE_IDENTIFIER = codepath.ParstagramTests;
				PRODUCT_NAME = "$(TARGET_NAME)";
				SWIFT_VERSION = 5.0;
				TARGETED_DEVICE_FAMILY = "1,2";
				TEST_HOST = "$(BUILT_PRODUCTS_DIR)/Parstagram.app/Parstagram";
			};
			name = Release;
		};
		F9DA09C92543FDB500B37967 /* Debug */ = {
			isa = XCBuildConfiguration;
			baseConfigurationReference = EC933458D0152E7D14CEC6FE /* Pods-Parstagram-ParstagramUITests.debug.xcconfig */;
			buildSettings = {
				ALWAYS_EMBED_SWIFT_STANDARD_LIBRARIES = YES;
				CODE_SIGN_STYLE = Automatic;
				DEVELOPMENT_TEAM = W64GKJ3S3T;
				INFOPLIST_FILE = ParstagramUITests/Info.plist;
				LD_RUNPATH_SEARCH_PATHS = (
					"$(inherited)",
					"@executable_path/Frameworks",
					"@loader_path/Frameworks",
				);
				PRODUCT_BUNDLE_IDENTIFIER = codepath.ParstagramUITests;
				PRODUCT_NAME = "$(TARGET_NAME)";
				SWIFT_VERSION = 5.0;
				TARGETED_DEVICE_FAMILY = "1,2";
				TEST_TARGET_NAME = Parstagram;
			};
			name = Debug;
		};
		F9DA09CA2543FDB500B37967 /* Release */ = {
			isa = XCBuildConfiguration;
			baseConfigurationReference = 596DB3B2786541828F5715E6 /* Pods-Parstagram-ParstagramUITests.release.xcconfig */;
			buildSettings = {
				ALWAYS_EMBED_SWIFT_STANDARD_LIBRARIES = YES;
				CODE_SIGN_STYLE = Automatic;
				DEVELOPMENT_TEAM = W64GKJ3S3T;
				INFOPLIST_FILE = ParstagramUITests/Info.plist;
				LD_RUNPATH_SEARCH_PATHS = (
					"$(inherited)",
					"@executable_path/Frameworks",
					"@loader_path/Frameworks",
				);
				PRODUCT_BUNDLE_IDENTIFIER = codepath.ParstagramUITests;
				PRODUCT_NAME = "$(TARGET_NAME)";
				SWIFT_VERSION = 5.0;
				TARGETED_DEVICE_FAMILY = "1,2";
				TEST_TARGET_NAME = Parstagram;
			};
			name = Release;
		};
/* End XCBuildConfiguration section */

/* Begin XCConfigurationList section */
		F9DA09932543FDB400B37967 /* Build configuration list for PBXProject "Parstagram" */ = {
			isa = XCConfigurationList;
			buildConfigurations = (
				F9DA09C02543FDB500B37967 /* Debug */,
				F9DA09C12543FDB500B37967 /* Release */,
			);
			defaultConfigurationIsVisible = 0;
			defaultConfigurationName = Release;
		};
		F9DA09C22543FDB500B37967 /* Build configuration list for PBXNativeTarget "Parstagram" */ = {
			isa = XCConfigurationList;
			buildConfigurations = (
				F9DA09C32543FDB500B37967 /* Debug */,
				F9DA09C42543FDB500B37967 /* Release */,
			);
			defaultConfigurationIsVisible = 0;
			defaultConfigurationName = Release;
		};
		F9DA09C52543FDB500B37967 /* Build configuration list for PBXNativeTarget "ParstagramTests" */ = {
			isa = XCConfigurationList;
			buildConfigurations = (
				F9DA09C62543FDB500B37967 /* Debug */,
				F9DA09C72543FDB500B37967 /* Release */,
			);
			defaultConfigurationIsVisible = 0;
			defaultConfigurationName = Release;
		};
		F9DA09C82543FDB500B37967 /* Build configuration list for PBXNativeTarget "ParstagramUITests" */ = {
			isa = XCConfigurationList;
			buildConfigurations = (
				F9DA09C92543FDB500B37967 /* Debug */,
				F9DA09CA2543FDB500B37967 /* Release */,
			);
			defaultConfigurationIsVisible = 0;
			defaultConfigurationName = Release;
		};
/* End XCConfigurationList section */
	};
	rootObject = F9DA09902543FDB400B37967 /* Project object */;
}
